
Microsoft Visual Studio Solution File, Format Version 12.00
# Visual Studio Version 17
VisualStudioVersion = 17.4.33213.308
MinimumVisualStudioVersion = 10.0.40219.1
Project("{FAE04EC0-301F-11D3-BF4B-00C04F79EFBC}") = "Noodles.Core", "Noodles.Core\Noodles.Core.csproj", "{2C54DDC8-A819-4458-BCD5-FD2A45CDF20C}"
EndProject
Global
	GlobalSection(SolutionConfigurationPlatforms) = preSolution
		Debug|Any CPU = Debug|Any CPU
		Release|Any CPU = Release|Any CPU
	EndGlobalSection
	GlobalSection(ProjectConfigurationPlatforms) = postSolution
		{2C54DDC8-A819-4458-BCD5-FD2A45CDF20C}.Debug|Any CPU.ActiveCfg = Debug|Any CPU
		{2C54DDC8-A819-4458-BCD5-FD2A45CDF20C}.Debug|Any CPU.Build.0 = Debug|Any CPU
		{2C54DDC8-A819-4458-BCD5-FD2A45CDF20C}.Release|Any CPU.ActiveCfg = Release|Any CPU
		{2C54DDC8-A819-4458-BCD5-FD2A45CDF20C}.Release|Any CPU.Build.0 = Release|Any CPU
	EndGlobalSection
	GlobalSection(SolutionProperties) = preSolution
		HideSolutionNode = FALSE
	EndGlobalSection
	GlobalSection(ExtensibilityGlobals) = postSolution
		SolutionGuid = {A7D6B140-C15B-49B0-B73D-79CED428B66C}
	EndGlobalSection
EndGlobal
